
Microsoft Visual Studio Solution File, Format Version 12.00
# Visual Studio Version 17
VisualStudioVersion = 17.4.33213.308
MinimumVisualStudioVersion = 10.0.40219.1
Project("{FAE04EC0-301F-11D3-BF4B-00C04F79EFBC}") = "RedMango_API", "RedMango_API\RedMango_API.csproj", "{453514CB-9B3A-448D-ADF7-DC9FF305C988}"
EndProject
Global
	GlobalSection(SolutionConfigurationPlatforms) = preSolution
		Debug|Any CPU = Debug|Any CPU
		Release|Any CPU = Release|Any CPU
	EndGlobalSection
	GlobalSection(ProjectConfigurationPlatforms) = postSolution
		{453514CB-9B3A-448D-ADF7-DC9FF305C988}.Debug|Any CPU.ActiveCfg = Debug|Any CPU
		{453514CB-9B3A-448D-ADF7-DC9FF305C988}.Debug|Any CPU.Build.0 = Debug|Any CPU
		{453514CB-9B3A-448D-ADF7-DC9FF305C988}.Release|Any CPU.ActiveCfg = Release|Any CPU
		{453514CB-9B3A-448D-ADF7-DC9FF305C988}.Release|Any CPU.Build.0 = Release|Any CPU
	EndGlobalSection
	GlobalSection(SolutionProperties) = preSolution
		HideSolutionNode = FALSE
	EndGlobalSection
	GlobalSection(ExtensibilityGlobals) = postSolution
		SolutionGuid = {6F20AA3A-79B6-4C83-8147-3A395392E8D5}
	EndGlobalSection
EndGlobal
